
Microsoft Visual Studio Solution File, Format Version 12.00
# Visual Studio Version 17
VisualStudioVersion = 17.12.35707.178 d17.12
MinimumVisualStudioVersion = 10.0.40219.1
Project("{FAE04EC0-301F-11D3-BF4B-00C04F79EFBC}") = "FizzBuzzTask", "FuzzBuzzTask\FizzBuzzTask.csproj", "{B8929276-20D9-499D-BF5A-AF69E5809FEE}"
EndProject
Project("{FAE04EC0-301F-11D3-BF4B-00C04F79EFBC}") = "FizzBuzzDetectorTests", "FizzBuzzDetectorTests\FizzBuzzDetectorTests.csproj", "{5776BE4C-2464-4624-98F3-36E04D3D08E1}"
EndProject
Global
	GlobalSection(SolutionConfigurationPlatforms) = preSolution
		Debug|Any CPU = Debug|Any CPU
		Release|Any CPU = Release|Any CPU
	EndGlobalSection
	GlobalSection(ProjectConfigurationPlatforms) = postSolution
		{B8929276-20D9-499D-BF5A-AF69E5809FEE}.Debug|Any CPU.ActiveCfg = Debug|Any CPU
		{B8929276-20D9-499D-BF5A-AF69E5809FEE}.Debug|Any CPU.Build.0 = Debug|Any CPU
		{B8929276-20D9-499D-BF5A-AF69E5809FEE}.Release|Any CPU.ActiveCfg = Release|Any CPU
		{B8929276-20D9-499D-BF5A-AF69E5809FEE}.Release|Any CPU.Build.0 = Release|Any CPU
		{5776BE4C-2464-4624-98F3-36E04D3D08E1}.Debug|Any CPU.ActiveCfg = Debug|Any CPU
		{5776BE4C-2464-4624-98F3-36E04D3D08E1}.Debug|Any CPU.Build.0 = Debug|Any CPU
		{5776BE4C-2464-4624-98F3-36E04D3D08E1}.Release|Any CPU.ActiveCfg = Release|Any CPU
		{5776BE4C-2464-4624-98F3-36E04D3D08E1}.Release|Any CPU.Build.0 = Release|Any CPU
	EndGlobalSection
	GlobalSection(SolutionProperties) = preSolution
		HideSolutionNode = FALSE
	EndGlobalSection
EndGlobal
